
Microsoft Visual Studio Solution File, Format Version 12.00
# Visual Studio Version 17
VisualStudioVersion = 17.4.33213.308
MinimumVisualStudioVersion = 10.0.40219.1
Project("{FAE04EC0-301F-11D3-BF4B-00C04F79EFBC}") = "Email", "Email.csproj", "{F75CC28E-CC7E-413C-AFA6-513F79BCA6B2}"
EndProject
Project("{FAE04EC0-301F-11D3-BF4B-00C04F79EFBC}") = "EmailTestUnit", "..\EmailTestUnit\EmailTestUnit.csproj", "{6CFD9307-6FC9-4511-A607-3E56ADD219CB}"
EndProject
Global
	GlobalSection(SolutionConfigurationPlatforms) = preSolution
		Debug|Any CPU = Debug|Any CPU
		Release|Any CPU = Release|Any CPU
	EndGlobalSection
	GlobalSection(ProjectConfigurationPlatforms) = postSolution
		{F75CC28E-CC7E-413C-AFA6-513F79BCA6B2}.Debug|Any CPU.ActiveCfg = Debug|Any CPU
		{F75CC28E-CC7E-413C-AFA6-513F79BCA6B2}.Debug|Any CPU.Build.0 = Debug|Any CPU
		{F75CC28E-CC7E-413C-AFA6-513F79BCA6B2}.Release|Any CPU.ActiveCfg = Release|Any CPU
		{F75CC28E-CC7E-413C-AFA6-513F79BCA6B2}.Release|Any CPU.Build.0 = Release|Any CPU
		{6CFD9307-6FC9-4511-A607-3E56ADD219CB}.Debug|Any CPU.ActiveCfg = Debug|Any CPU
		{6CFD9307-6FC9-4511-A607-3E56ADD219CB}.Debug|Any CPU.Build.0 = Debug|Any CPU
		{6CFD9307-6FC9-4511-A607-3E56ADD219CB}.Release|Any CPU.ActiveCfg = Release|Any CPU
		{6CFD9307-6FC9-4511-A607-3E56ADD219CB}.Release|Any CPU.Build.0 = Release|Any CPU
	EndGlobalSection
	GlobalSection(SolutionProperties) = preSolution
		HideSolutionNode = FALSE
	EndGlobalSection
	GlobalSection(ExtensibilityGlobals) = postSolution
		SolutionGuid = {3A3D7E47-0CB2-472D-A3B7-35398782EEDE}
	EndGlobalSection
EndGlobal
